
Microsoft Visual Studio Solution File, Format Version 12.00
# Visual Studio Version 17
VisualStudioVersion = 17.7.34003.232
MinimumVisualStudioVersion = 10.0.40219.1
Project("{9A19103F-16F7-4668-BE54-9A1E7A4F7556}") = "CryptoGateway.Domain", "Src\CryptoGateway.Domain\CryptoGateway.Domain.csproj", "{2B0EEF06-1F7B-48A6-A1E9-7967292781FD}"
EndProject
Project("{9A19103F-16F7-4668-BE54-9A1E7A4F7556}") = "CryptoGateway.Framework", "Src\CryptoGateway.Framework\CryptoGateway.Framework.csproj", "{1987FF2F-294A-4CEF-BA2A-2C83FB4D314C}"
EndProject
Project("{9A19103F-16F7-4668-BE54-9A1E7A4F7556}") = "CryptoGateway.WebApi", "Src\CryptoGateway.WebApi\CryptoGateway.WebApi.csproj", "{46AD9DF3-7E91-4DEE-BF55-75858B5C1A5A}"
EndProject
Project("{9A19103F-16F7-4668-BE54-9A1E7A4F7556}") = "CryptoGateway.Infrastructure", "Src\CryptoGateway.Infrastructure\CryptoGateway.Infrastructure.csproj", "{B78552B5-62F2-4D69-93F6-392AC65BC0C7}"
EndProject
Project("{2150E333-8FDC-42A3-9474-1A3956D46DE8}") = "Tests", "Tests", "{9C38BDA6-B7E4-443B-AF1F-8692B3367136}"
EndProject
Project("{2150E333-8FDC-42A3-9474-1A3956D46DE8}") = "Src", "Src", "{5EB5D198-C793-4581-A139-A46023420CAC}"
EndProject
Project("{9A19103F-16F7-4668-BE54-9A1E7A4F7556}") = "CryptoGateway.Domain.UnitTest", "Tests\CryptoGateway.Domain.UnitTest\CryptoGateway.Domain.UnitTest.csproj", "{47C58482-E17C-4064-8DA1-7920453AA45F}"
EndProject
Project("{2150E333-8FDC-42A3-9474-1A3956D46DE8}") = "1.EndPoints", "1.EndPoints", "{CB389849-EDC0-4ECD-AF84-0B378F47AA89}"
EndProject
Project("{2150E333-8FDC-42A3-9474-1A3956D46DE8}") = "0.ApplicationCore", "0.ApplicationCore", "{605CEBFB-2E74-426C-9882-8512EC8537F3}"
EndProject
Project("{2150E333-8FDC-42A3-9474-1A3956D46DE8}") = "2.Clients", "2.Clients", "{A246F112-D06E-4576-9FEE-257A80D10C1F}"
EndProject
Project("{9092AA53-FB77-4645-B42D-1CCCA6BD08BD}") = "CryptoGateway.NodeJsApi", "Src\CryptoGateway.NodeJsApi\CryptoGateway.NodeJsApi.njsproj", "{0A132FF0-080B-403C-A683-AB538FD6C6AC}"
EndProject
Project("{9A19103F-16F7-4668-BE54-9A1E7A4F7556}") = "CryptoGateway.BoApi", "Src\CryptoGateway.BoApi\CryptoGateway.BoApi.csproj", "{21311C5E-4708-4EB5-B93F-4ABFD53CB20B}"
EndProject
Project("{9A19103F-16F7-4668-BE54-9A1E7A4F7556}") = "CryptoGateway.PublicApi", "Src\CryptoGateway.PublicApi\CryptoGateway.PublicApi.csproj", "{776E5E9E-5D30-499E-B5F4-D2A6E7E679A1}"
EndProject
Project("{9A19103F-16F7-4668-BE54-9A1E7A4F7556}") = "CryptoGateway.DataAccess", "Src\CryptoGateway.DataAccess\CryptoGateway.DataAccess.csproj", "{8432B620-79E3-4137-A923-A81225EC4E04}"
EndProject
Project("{9A19103F-16F7-4668-BE54-9A1E7A4F7556}") = "CryptoGateway.Service", "Src\CryptoGateway.Service\CryptoGateway.Service.csproj", "{29D30265-9984-4594-973E-2027B75456CD}"
EndProject
Project("{9A19103F-16F7-4668-BE54-9A1E7A4F7556}") = "CryptoGateway.DomainService", "Src\CryptoGateway.DomainService\CryptoGateway.DomainService.csproj", "{C424B6C6-0847-4083-9819-AA15FE132186}"
EndProject
Project("{54A90642-561A-4BB1-A94E-469ADEE60C69}") = "CryptoGateway.Web", "Src\CryptoGateway.Web\CryptoGateway.Web.esproj", "{9752E3C4-F96E-49F4-90EA-E10B85B03B49}"
EndProject
Project("{9A19103F-16F7-4668-BE54-9A1E7A4F7556}") = "CryptoGateway.Job", "Src\CryptoGateway.Job\CryptoGateway.Job.csproj", "{03915396-807D-4EBD-8CAA-EA51DA4C0C17}"
EndProject
Global
	GlobalSection(SolutionConfigurationPlatforms) = preSolution
		Debug|Any CPU = Debug|Any CPU
		Release|Any CPU = Release|Any CPU
	EndGlobalSection
	GlobalSection(ProjectConfigurationPlatforms) = postSolution
		{2B0EEF06-1F7B-48A6-A1E9-7967292781FD}.Debug|Any CPU.ActiveCfg = Debug|Any CPU
		{2B0EEF06-1F7B-48A6-A1E9-7967292781FD}.Debug|Any CPU.Build.0 = Debug|Any CPU
		{2B0EEF06-1F7B-48A6-A1E9-7967292781FD}.Release|Any CPU.ActiveCfg = Release|Any CPU
		{2B0EEF06-1F7B-48A6-A1E9-7967292781FD}.Release|Any CPU.Build.0 = Release|Any CPU
		{1987FF2F-294A-4CEF-BA2A-2C83FB4D314C}.Debug|Any CPU.ActiveCfg = Debug|Any CPU
		{1987FF2F-294A-4CEF-BA2A-2C83FB4D314C}.Debug|Any CPU.Build.0 = Debug|Any CPU
		{1987FF2F-294A-4CEF-BA2A-2C83FB4D314C}.Release|Any CPU.ActiveCfg = Release|Any CPU
		{1987FF2F-294A-4CEF-BA2A-2C83FB4D314C}.Release|Any CPU.Build.0 = Release|Any CPU
		{46AD9DF3-7E91-4DEE-BF55-75858B5C1A5A}.Debug|Any CPU.ActiveCfg = Debug|Any CPU
		{46AD9DF3-7E91-4DEE-BF55-75858B5C1A5A}.Debug|Any CPU.Build.0 = Debug|Any CPU
		{46AD9DF3-7E91-4DEE-BF55-75858B5C1A5A}.Release|Any CPU.ActiveCfg = Release|Any CPU
		{46AD9DF3-7E91-4DEE-BF55-75858B5C1A5A}.Release|Any CPU.Build.0 = Release|Any CPU
		{B78552B5-62F2-4D69-93F6-392AC65BC0C7}.Debug|Any CPU.ActiveCfg = Debug|Any CPU
		{B78552B5-62F2-4D69-93F6-392AC65BC0C7}.Debug|Any CPU.Build.0 = Debug|Any CPU
		{B78552B5-62F2-4D69-93F6-392AC65BC0C7}.Release|Any CPU.ActiveCfg = Release|Any CPU
		{B78552B5-62F2-4D69-93F6-392AC65BC0C7}.Release|Any CPU.Build.0 = Release|Any CPU
		{47C58482-E17C-4064-8DA1-7920453AA45F}.Debug|Any CPU.ActiveCfg = Debug|Any CPU
		{47C58482-E17C-4064-8DA1-7920453AA45F}.Debug|Any CPU.Build.0 = Debug|Any CPU
		{47C58482-E17C-4064-8DA1-7920453AA45F}.Release|Any CPU.ActiveCfg = Release|Any CPU
		{47C58482-E17C-4064-8DA1-7920453AA45F}.Release|Any CPU.Build.0 = Release|Any CPU
		{0A132FF0-080B-403C-A683-AB538FD6C6AC}.Debug|Any CPU.ActiveCfg = Debug|Any CPU
		{0A132FF0-080B-403C-A683-AB538FD6C6AC}.Debug|Any CPU.Build.0 = Debug|Any CPU
		{0A132FF0-080B-403C-A683-AB538FD6C6AC}.Release|Any CPU.ActiveCfg = Release|Any CPU
		{0A132FF0-080B-403C-A683-AB538FD6C6AC}.Release|Any CPU.Build.0 = Release|Any CPU
		{21311C5E-4708-4EB5-B93F-4ABFD53CB20B}.Debug|Any CPU.ActiveCfg = Debug|Any CPU
		{21311C5E-4708-4EB5-B93F-4ABFD53CB20B}.Debug|Any CPU.Build.0 = Debug|Any CPU
		{21311C5E-4708-4EB5-B93F-4ABFD53CB20B}.Release|Any CPU.ActiveCfg = Release|Any CPU
		{21311C5E-4708-4EB5-B93F-4ABFD53CB20B}.Release|Any CPU.Build.0 = Release|Any CPU
		{776E5E9E-5D30-499E-B5F4-D2A6E7E679A1}.Debug|Any CPU.ActiveCfg = Debug|Any CPU
		{776E5E9E-5D30-499E-B5F4-D2A6E7E679A1}.Debug|Any CPU.Build.0 = Debug|Any CPU
		{776E5E9E-5D30-499E-B5F4-D2A6E7E679A1}.Release|Any CPU.ActiveCfg = Release|Any CPU
		{776E5E9E-5D30-499E-B5F4-D2A6E7E679A1}.Release|Any CPU.Build.0 = Release|Any CPU
		{8432B620-79E3-4137-A923-A81225EC4E04}.Debug|Any CPU.ActiveCfg = Debug|Any CPU
		{8432B620-79E3-4137-A923-A81225EC4E04}.Debug|Any CPU.Build.0 = Debug|Any CPU
		{8432B620-79E3-4137-A923-A81225EC4E04}.Release|Any CPU.ActiveCfg = Release|Any CPU
		{8432B620-79E3-4137-A923-A81225EC4E04}.Release|Any CPU.Build.0 = Release|Any CPU
		{29D30265-9984-4594-973E-2027B75456CD}.Debug|Any CPU.ActiveCfg = Debug|Any CPU
		{29D30265-9984-4594-973E-2027B75456CD}.Debug|Any CPU.Build.0 = Debug|Any CPU
		{29D30265-9984-4594-973E-2027B75456CD}.Release|Any CPU.ActiveCfg = Release|Any CPU
		{29D30265-9984-4594-973E-2027B75456CD}.Release|Any CPU.Build.0 = Release|Any CPU
		{C424B6C6-0847-4083-9819-AA15FE132186}.Debug|Any CPU.ActiveCfg = Debug|Any CPU
		{C424B6C6-0847-4083-9819-AA15FE132186}.Debug|Any CPU.Build.0 = Debug|Any CPU
		{C424B6C6-0847-4083-9819-AA15FE132186}.Release|Any CPU.ActiveCfg = Release|Any CPU
		{C424B6C6-0847-4083-9819-AA15FE132186}.Release|Any CPU.Build.0 = Release|Any CPU
		{9752E3C4-F96E-49F4-90EA-E10B85B03B49}.Debug|Any CPU.ActiveCfg = Debug|Any CPU
		{9752E3C4-F96E-49F4-90EA-E10B85B03B49}.Debug|Any CPU.Build.0 = Debug|Any CPU
		{9752E3C4-F96E-49F4-90EA-E10B85B03B49}.Debug|Any CPU.Deploy.0 = Debug|Any CPU
		{9752E3C4-F96E-49F4-90EA-E10B85B03B49}.Release|Any CPU.ActiveCfg = Release|Any CPU
		{9752E3C4-F96E-49F4-90EA-E10B85B03B49}.Release|Any CPU.Build.0 = Release|Any CPU
		{9752E3C4-F96E-49F4-90EA-E10B85B03B49}.Release|Any CPU.Deploy.0 = Release|Any CPU
		{03915396-807D-4EBD-8CAA-EA51DA4C0C17}.Debug|Any CPU.ActiveCfg = Debug|Any CPU
		{03915396-807D-4EBD-8CAA-EA51DA4C0C17}.Debug|Any CPU.Build.0 = Debug|Any CPU
		{03915396-807D-4EBD-8CAA-EA51DA4C0C17}.Release|Any CPU.ActiveCfg = Release|Any CPU
		{03915396-807D-4EBD-8CAA-EA51DA4C0C17}.Release|Any CPU.Build.0 = Release|Any CPU
	EndGlobalSection
	GlobalSection(SolutionProperties) = preSolution
		HideSolutionNode = FALSE
	EndGlobalSection
	GlobalSection(NestedProjects) = preSolution
		{2B0EEF06-1F7B-48A6-A1E9-7967292781FD} = {605CEBFB-2E74-426C-9882-8512EC8537F3}
		{1987FF2F-294A-4CEF-BA2A-2C83FB4D314C} = {605CEBFB-2E74-426C-9882-8512EC8537F3}
		{46AD9DF3-7E91-4DEE-BF55-75858B5C1A5A} = {CB389849-EDC0-4ECD-AF84-0B378F47AA89}
		{B78552B5-62F2-4D69-93F6-392AC65BC0C7} = {605CEBFB-2E74-426C-9882-8512EC8537F3}
		{47C58482-E17C-4064-8DA1-7920453AA45F} = {9C38BDA6-B7E4-443B-AF1F-8692B3367136}
		{CB389849-EDC0-4ECD-AF84-0B378F47AA89} = {5EB5D198-C793-4581-A139-A46023420CAC}
		{605CEBFB-2E74-426C-9882-8512EC8537F3} = {5EB5D198-C793-4581-A139-A46023420CAC}
		{A246F112-D06E-4576-9FEE-257A80D10C1F} = {5EB5D198-C793-4581-A139-A46023420CAC}
		{0A132FF0-080B-403C-A683-AB538FD6C6AC} = {CB389849-EDC0-4ECD-AF84-0B378F47AA89}
		{21311C5E-4708-4EB5-B93F-4ABFD53CB20B} = {CB389849-EDC0-4ECD-AF84-0B378F47AA89}
		{776E5E9E-5D30-499E-B5F4-D2A6E7E679A1} = {CB389849-EDC0-4ECD-AF84-0B378F47AA89}
		{8432B620-79E3-4137-A923-A81225EC4E04} = {605CEBFB-2E74-426C-9882-8512EC8537F3}
		{29D30265-9984-4594-973E-2027B75456CD} = {605CEBFB-2E74-426C-9882-8512EC8537F3}
		{C424B6C6-0847-4083-9819-AA15FE132186} = {605CEBFB-2E74-426C-9882-8512EC8537F3}
		{9752E3C4-F96E-49F4-90EA-E10B85B03B49} = {A246F112-D06E-4576-9FEE-257A80D10C1F}
		{03915396-807D-4EBD-8CAA-EA51DA4C0C17} = {CB389849-EDC0-4ECD-AF84-0B378F47AA89}
	EndGlobalSection
	GlobalSection(ExtensibilityGlobals) = postSolution
		SolutionGuid = {150DC181-C0D3-41AC-93D4-53BED0517BB1}
	EndGlobalSection
EndGlobal
